
Microsoft Visual Studio Solution File, Format Version 12.00
# Visual Studio Version 17
VisualStudioVersion = 17.14.36212.18 d17.14
MinimumVisualStudioVersion = 10.0.40219.1
Project("{FAE04EC0-301F-11D3-BF4B-00C04F79EFBC}") = "GameLibrary", "GameLibrary\GameLibrary.csproj", "{838ECE21-BEAB-40EA-929B-2C0E1739CEAE}"
EndProject
Global
	GlobalSection(SolutionConfigurationPlatforms) = preSolution
		Debug|Any CPU = Debug|Any CPU
		Release|Any CPU = Release|Any CPU
	EndGlobalSection
	GlobalSection(ProjectConfigurationPlatforms) = postSolution
		{838ECE21-BEAB-40EA-929B-2C0E1739CEAE}.Debug|Any CPU.ActiveCfg = Debug|Any CPU
		{838ECE21-BEAB-40EA-929B-2C0E1739CEAE}.Debug|Any CPU.Build.0 = Debug|Any CPU
		{838ECE21-BEAB-40EA-929B-2C0E1739CEAE}.Release|Any CPU.ActiveCfg = Release|Any CPU
		{838ECE21-BEAB-40EA-929B-2C0E1739CEAE}.Release|Any CPU.Build.0 = Release|Any CPU
	EndGlobalSection
	GlobalSection(SolutionProperties) = preSolution
		HideSolutionNode = FALSE
	EndGlobalSection
	GlobalSection(ExtensibilityGlobals) = postSolution
		SolutionGuid = {9DD0ADE6-CC36-4606-961F-779DEA7851BE}
	EndGlobalSection
EndGlobal
