
Microsoft Visual Studio Solution File, Format Version 12.00
# Visual Studio Version 18
VisualStudioVersion = 18.10.12217.157 stable
MinimumVisualStudioVersion = 10.0.40219.1
Project("{FAE04EC0-301F-11D3-BF4B-00C04F79EFBC}") = "GameLibrary.Domain", "GameLibrary.Domain\GameLibrary.Domain.csproj", "{958EE1D8-B712-4B50-AA3D-72E781349B23}"
EndProject
Project("{FAE04EC0-301F-11D3-BF4B-00C04F79EFBC}") = "GameLibrary.Application", "GameLibrary.Application\GameLibrary.Application.csproj", "{969E5CE1-914C-44B0-A717-0A3F2089C137}"
EndProject
Project("{FAE04EC0-301F-11D3-BF4B-00C04F79EFBC}") = "GameLibrary.Infrastructure", "GameLibrary.Infrastructure\GameLibrary.Infrastructure.csproj", "{37F042E1-0905-4562-A6AC-A5320B2F2B1D}"
EndProject
Project("{FAE04EC0-301F-11D3-BF4B-00C04F79EFBC}") = "GameLibrary.API", "GameLibrary.API\GameLibrary.API.csproj", "{24109A40-D686-4D40-8C38-1EA581BA6D72}"
EndProject
Global
	GlobalSection(SolutionConfigurationPlatforms) = preSolution
		Debug|Any CPU = Debug|Any CPU
		Release|Any CPU = Release|Any CPU
	EndGlobalSection
	GlobalSection(ProjectConfigurationPlatforms) = postSolution
		{958EE1D8-B712-4B50-AA3D-72E781349B23}.Debug|Any CPU.ActiveCfg = Debug|Any CPU
		{958EE1D8-B712-4B50-AA3D-72E781349B23}.Debug|Any CPU.Build.0 = Debug|Any CPU
		{958EE1D8-B712-4B50-AA3D-72E781349B23}.Release|Any CPU.ActiveCfg = Release|Any CPU
		{958EE1D8-B712-4B50-AA3D-72E781349B23}.Release|Any CPU.Build.0 = Release|Any CPU
		{969E5CE1-914C-44B0-A717-0A3F2089C137}.Debug|Any CPU.ActiveCfg = Debug|Any CPU
		{969E5CE1-914C-44B0-A717-0A3F2089C137}.Debug|Any CPU.Build.0 = Debug|Any CPU
		{969E5CE1-914C-44B0-A717-0A3F2089C137}.Release|Any CPU.ActiveCfg = Release|Any CPU
		{969E5CE1-914C-44B0-A717-0A3F2089C137}.Release|Any CPU.Build.0 = Release|Any CPU
		{37F042E1-0905-4562-A6AC-A5320B2F2B1D}.Debug|Any CPU.ActiveCfg = Debug|Any CPU
		{37F042E1-0905-4562-A6AC-A5320B2F2B1D}.Debug|Any CPU.Build.0 = Debug|Any CPU
		{37F042E1-0905-4562-A6AC-A5320B2F2B1D}.Release|Any CPU.ActiveCfg = Release|Any CPU
		{37F042E1-0905-4562-A6AC-A5320B2F2B1D}.Release|Any CPU.Build.0 = Release|Any CPU
		{24109A40-D686-4D40-8C38-1EA581BA6D72}.Debug|Any CPU.ActiveCfg = Debug|Any CPU
		{24109A40-D686-4D40-8C38-1EA581BA6D72}.Debug|Any CPU.Build.0 = Debug|Any CPU
		{24109A40-D686-4D40-8C38-1EA581BA6D72}.Release|Any CPU.ActiveCfg = Release|Any CPU
		{24109A40-D686-4D40-8C38-1EA581BA6D72}.Release|Any CPU.Build.0 = Release|Any CPU
	EndGlobalSection
	GlobalSection(SolutionProperties) = preSolution
		HideSolutionNode = FALSE
	EndGlobalSection
	GlobalSection(ExtensibilityGlobals) = postSolution
		SolutionGuid = {9DD0ADE6-CC36-4606-961F-779DEA7851BE}
	EndGlobalSection
EndGlobal
